
Microsoft Visual Studio Solution File, Format Version 12.00
# Visual Studio Version 17
VisualStudioVersion = 17.6.33829.357
MinimumVisualStudioVersion = 10.0.40219.1
Project("{FAE04EC0-301F-11D3-BF4B-00C04F79EFBC}") = "SimpleCalculator", "SimpleCalculator\SimpleCalculator.csproj", "{C1ADC074-BA71-479D-A7F8-D312085AA314}"
EndProject
Global
	GlobalSection(SolutionConfigurationPlatforms) = preSolution
		Debug|Any CPU = Debug|Any CPU
		Release|Any CPU = Release|Any CPU
	EndGlobalSection
	GlobalSection(ProjectConfigurationPlatforms) = postSolution
		{C1ADC074-BA71-479D-A7F8-D312085AA314}.Debug|Any CPU.ActiveCfg = Debug|Any CPU
		{C1ADC074-BA71-479D-A7F8-D312085AA314}.Debug|Any CPU.Build.0 = Debug|Any CPU
		{C1ADC074-BA71-479D-A7F8-D312085AA314}.Release|Any CPU.ActiveCfg = Release|Any CPU
		{C1ADC074-BA71-479D-A7F8-D312085AA314}.Release|Any CPU.Build.0 = Release|Any CPU
	EndGlobalSection
	GlobalSection(SolutionProperties) = preSolution
		HideSolutionNode = FALSE
	EndGlobalSection
	GlobalSection(ExtensibilityGlobals) = postSolution
		SolutionGuid = {8F24EF67-60D5-455B-B3BC-F86DF817C79C}
	EndGlobalSection
EndGlobal
